
Microsoft Visual Studio Solution File, Format Version 12.00
# Visual Studio Version 16
VisualStudioVersion = 16.0.30320.27
MinimumVisualStudioVersion = 10.0.40219.1
Project("{FAE04EC0-301F-11D3-BF4B-00C04F79EFBC}") = "FreeTesting.Android", "FreeTesting.Android\FreeTesting.Android.csproj", "{D1BC7811-125D-4F76-8808-2A105FBD1041}"
EndProject
Project("{FAE04EC0-301F-11D3-BF4B-00C04F79EFBC}") = "FreeTesting.iOS", "FreeTesting.iOS\FreeTesting.iOS.csproj", "{86909032-E474-49FF-97C0-2ABA81E34B5C}"
EndProject
Project("{FAE04EC0-301F-11D3-BF4B-00C04F79EFBC}") = "FreeTesting", "FreeTesting\FreeTesting.csproj", "{264DBADF-A0AE-49C9-ABF2-63DE33ED35B7}"
EndProject
Global
	GlobalSection(SolutionConfigurationPlatforms) = preSolution
		Debug|Any CPU = Debug|Any CPU
		Debug|iPhone = Debug|iPhone
		Debug|iPhoneSimulator = Debug|iPhoneSimulator
		Release|Any CPU = Release|Any CPU
		Release|iPhone = Release|iPhone
		Release|iPhoneSimulator = Release|iPhoneSimulator
	EndGlobalSection
	GlobalSection(ProjectConfigurationPlatforms) = postSolution
		{D1BC7811-125D-4F76-8808-2A105FBD1041}.Debug|Any CPU.ActiveCfg = Debug|Any CPU
		{D1BC7811-125D-4F76-8808-2A105FBD1041}.Debug|Any CPU.Build.0 = Debug|Any CPU
		{D1BC7811-125D-4F76-8808-2A105FBD1041}.Debug|Any CPU.Deploy.0 = Debug|Any CPU
		{D1BC7811-125D-4F76-8808-2A105FBD1041}.Debug|iPhone.ActiveCfg = Debug|Any CPU
		{D1BC7811-125D-4F76-8808-2A105FBD1041}.Debug|iPhone.Build.0 = Debug|Any CPU
		{D1BC7811-125D-4F76-8808-2A105FBD1041}.Debug|iPhone.Deploy.0 = Debug|Any CPU
		{D1BC7811-125D-4F76-8808-2A105FBD1041}.Debug|iPhoneSimulator.ActiveCfg = Debug|Any CPU
		{D1BC7811-125D-4F76-8808-2A105FBD1041}.Debug|iPhoneSimulator.Build.0 = Debug|Any CPU
		{D1BC7811-125D-4F76-8808-2A105FBD1041}.Debug|iPhoneSimulator.Deploy.0 = Debug|Any CPU
		{D1BC7811-125D-4F76-8808-2A105FBD1041}.Release|Any CPU.ActiveCfg = Release|Any CPU
		{D1BC7811-125D-4F76-8808-2A105FBD1041}.Release|Any CPU.Build.0 = Release|Any CPU
		{D1BC7811-125D-4F76-8808-2A105FBD1041}.Release|Any CPU.Deploy.0 = Release|Any CPU
		{D1BC7811-125D-4F76-8808-2A105FBD1041}.Release|iPhone.ActiveCfg = Release|Any CPU
		{D1BC7811-125D-4F76-8808-2A105FBD1041}.Release|iPhone.Build.0 = Release|Any CPU
		{D1BC7811-125D-4F76-8808-2A105FBD1041}.Release|iPhone.Deploy.0 = Release|Any CPU
		{D1BC7811-125D-4F76-8808-2A105FBD1041}.Release|iPhoneSimulator.ActiveCfg = Release|Any CPU
		{D1BC7811-125D-4F76-8808-2A105FBD1041}.Release|iPhoneSimulator.Build.0 = Release|Any CPU
		{D1BC7811-125D-4F76-8808-2A105FBD1041}.Release|iPhoneSimulator.Deploy.0 = Release|Any CPU
		{86909032-E474-49FF-97C0-2ABA81E34B5C}.Debug|Any CPU.ActiveCfg = Debug|iPhone
		{86909032-E474-49FF-97C0-2ABA81E34B5C}.Debug|Any CPU.Build.0 = Debug|iPhone
		{86909032-E474-49FF-97C0-2ABA81E34B5C}.Debug|Any CPU.Deploy.0 = Debug|iPhone
		{86909032-E474-49FF-97C0-2ABA81E34B5C}.Debug|iPhone.ActiveCfg = Debug|iPhone
		{86909032-E474-49FF-97C0-2ABA81E34B5C}.Debug|iPhone.Build.0 = Debug|iPhone
		{86909032-E474-49FF-97C0-2ABA81E34B5C}.Debug|iPhone.Deploy.0 = Debug|iPhone
		{86909032-E474-49FF-97C0-2ABA81E34B5C}.Debug|iPhoneSimulator.ActiveCfg = Debug|iPhoneSimulator
		{86909032-E474-49FF-97C0-2ABA81E34B5C}.Debug|iPhoneSimulator.Build.0 = Debug|iPhoneSimulator
		{86909032-E474-49FF-97C0-2ABA81E34B5C}.Debug|iPhoneSimulator.Deploy.0 = Debug|iPhoneSimulator
		{86909032-E474-49FF-97C0-2ABA81E34B5C}.Release|Any CPU.ActiveCfg = Release|iPhone
		{86909032-E474-49FF-97C0-2ABA81E34B5C}.Release|Any CPU.Build.0 = Release|iPhone
		{86909032-E474-49FF-97C0-2ABA81E34B5C}.Release|Any CPU.Deploy.0 = Release|iPhone
		{86909032-E474-49FF-97C0-2ABA81E34B5C}.Release|iPhone.ActiveCfg = Release|iPhone
		{86909032-E474-49FF-97C0-2ABA81E34B5C}.Release|iPhone.Build.0 = Release|iPhone
		{86909032-E474-49FF-97C0-2ABA81E34B5C}.Release|iPhone.Deploy.0 = Release|iPhone
		{86909032-E474-49FF-97C0-2ABA81E34B5C}.Release|iPhoneSimulator.ActiveCfg = Release|iPhoneSimulator
		{86909032-E474-49FF-97C0-2ABA81E34B5C}.Release|iPhoneSimulator.Build.0 = Release|iPhoneSimulator
		{86909032-E474-49FF-97C0-2ABA81E34B5C}.Release|iPhoneSimulator.Deploy.0 = Release|iPhoneSimulator
		{264DBADF-A0AE-49C9-ABF2-63DE33ED35B7}.Debug|Any CPU.ActiveCfg = Debug|Any CPU
		{264DBADF-A0AE-49C9-ABF2-63DE33ED35B7}.Debug|Any CPU.Build.0 = Debug|Any CPU
		{264DBADF-A0AE-49C9-ABF2-63DE33ED35B7}.Debug|Any CPU.Deploy.0 = Debug|Any CPU
		{264DBADF-A0AE-49C9-ABF2-63DE33ED35B7}.Debug|iPhone.ActiveCfg = Debug|Any CPU
		{264DBADF-A0AE-49C9-ABF2-63DE33ED35B7}.Debug|iPhone.Build.0 = Debug|Any CPU
		{264DBADF-A0AE-49C9-ABF2-63DE33ED35B7}.Debug|iPhone.Deploy.0 = Debug|Any CPU
		{264DBADF-A0AE-49C9-ABF2-63DE33ED35B7}.Debug|iPhoneSimulator.ActiveCfg = Debug|Any CPU
		{264DBADF-A0AE-49C9-ABF2-63DE33ED35B7}.Debug|iPhoneSimulator.Build.0 = Debug|Any CPU
		{264DBADF-A0AE-49C9-ABF2-63DE33ED35B7}.Debug|iPhoneSimulator.Deploy.0 = Debug|Any CPU
		{264DBADF-A0AE-49C9-ABF2-63DE33ED35B7}.Release|Any CPU.ActiveCfg = Release|Any CPU
		{264DBADF-A0AE-49C9-ABF2-63DE33ED35B7}.Release|Any CPU.Build.0 = Release|Any CPU
		{264DBADF-A0AE-49C9-ABF2-63DE33ED35B7}.Release|Any CPU.Deploy.0 = Release|Any CPU
		{264DBADF-A0AE-49C9-ABF2-63DE33ED35B7}.Release|iPhone.ActiveCfg = Release|Any CPU
		{264DBADF-A0AE-49C9-ABF2-63DE33ED35B7}.Release|iPhone.Build.0 = Release|Any CPU
		{264DBADF-A0AE-49C9-ABF2-63DE33ED35B7}.Release|iPhone.Deploy.0 = Release|Any CPU
		{264DBADF-A0AE-49C9-ABF2-63DE33ED35B7}.Release|iPhoneSimulator.ActiveCfg = Release|Any CPU
		{264DBADF-A0AE-49C9-ABF2-63DE33ED35B7}.Release|iPhoneSimulator.Build.0 = Release|Any CPU
		{264DBADF-A0AE-49C9-ABF2-63DE33ED35B7}.Release|iPhoneSimulator.Deploy.0 = Release|Any CPU
	EndGlobalSection
	GlobalSection(SolutionProperties) = preSolution
		HideSolutionNode = FALSE
	EndGlobalSection
	GlobalSection(ExtensibilityGlobals) = postSolution
		SolutionGuid = {5A0FF1AC-F341-4422-BED4-5C9E11DCE989}
	EndGlobalSection
EndGlobal
