
Microsoft Visual Studio Solution File, Format Version 12.00
# Visual Studio 15
VisualStudioVersion = 15.0.28307.271
MinimumVisualStudioVersion = 10.0.40219.1
Project("{FAE04EC0-301F-11D3-BF4B-00C04F79EFBC}") = "FirstApp.Android", "FirstApp\FirstApp.Android\FirstApp.Android.csproj", "{0E85E653-FAD2-4507-90B1-F90D75FB2D86}"
EndProject
Project("{FAE04EC0-301F-11D3-BF4B-00C04F79EFBC}") = "FirstApp.iOS", "FirstApp\FirstApp.iOS\FirstApp.iOS.csproj", "{E8171C10-5B2E-412B-B47D-E274FFD5AECA}"
EndProject
Project("{FAE04EC0-301F-11D3-BF4B-00C04F79EFBC}") = "FirstApp.UWP", "FirstApp\FirstApp.UWP\FirstApp.UWP.csproj", "{AABA3C30-02E1-406F-A440-6407E71040AB}"
EndProject
Project("{FAE04EC0-301F-11D3-BF4B-00C04F79EFBC}") = "FirstApp", "FirstApp\FirstApp\FirstApp.csproj", "{8FEE1BED-4D7D-407B-A54B-4369AA65BA64}"
EndProject
Global
	GlobalSection(SolutionConfigurationPlatforms) = preSolution
		Ad-Hoc|Any CPU = Ad-Hoc|Any CPU
		Ad-Hoc|ARM = Ad-Hoc|ARM
		Ad-Hoc|iPhone = Ad-Hoc|iPhone
		Ad-Hoc|iPhoneSimulator = Ad-Hoc|iPhoneSimulator
		Ad-Hoc|x64 = Ad-Hoc|x64
		Ad-Hoc|x86 = Ad-Hoc|x86
		AppStore|Any CPU = AppStore|Any CPU
		AppStore|ARM = AppStore|ARM
		AppStore|iPhone = AppStore|iPhone
		AppStore|iPhoneSimulator = AppStore|iPhoneSimulator
		AppStore|x64 = AppStore|x64
		AppStore|x86 = AppStore|x86
		Debug|Any CPU = Debug|Any CPU
		Debug|ARM = Debug|ARM
		Debug|iPhone = Debug|iPhone
		Debug|iPhoneSimulator = Debug|iPhoneSimulator
		Debug|x64 = Debug|x64
		Debug|x86 = Debug|x86
		Release|Any CPU = Release|Any CPU
		Release|ARM = Release|ARM
		Release|iPhone = Release|iPhone
		Release|iPhoneSimulator = Release|iPhoneSimulator
		Release|x64 = Release|x64
		Release|x86 = Release|x86
	EndGlobalSection
	GlobalSection(ProjectConfigurationPlatforms) = postSolution
		{0E85E653-FAD2-4507-90B1-F90D75FB2D86}.Ad-Hoc|Any CPU.ActiveCfg = Release|Any CPU
		{0E85E653-FAD2-4507-90B1-F90D75FB2D86}.Ad-Hoc|Any CPU.Build.0 = Release|Any CPU
		{0E85E653-FAD2-4507-90B1-F90D75FB2D86}.Ad-Hoc|Any CPU.Deploy.0 = Release|Any CPU
		{0E85E653-FAD2-4507-90B1-F90D75FB2D86}.Ad-Hoc|ARM.ActiveCfg = Release|Any CPU
		{0E85E653-FAD2-4507-90B1-F90D75FB2D86}.Ad-Hoc|ARM.Build.0 = Release|Any CPU
		{0E85E653-FAD2-4507-90B1-F90D75FB2D86}.Ad-Hoc|ARM.Deploy.0 = Release|Any CPU
		{0E85E653-FAD2-4507-90B1-F90D75FB2D86}.Ad-Hoc|iPhone.ActiveCfg = Release|Any CPU
		{0E85E653-FAD2-4507-90B1-F90D75FB2D86}.Ad-Hoc|iPhone.Build.0 = Release|Any CPU
		{0E85E653-FAD2-4507-90B1-F90D75FB2D86}.Ad-Hoc|iPhone.Deploy.0 = Release|Any CPU
		{0E85E653-FAD2-4507-90B1-F90D75FB2D86}.Ad-Hoc|iPhoneSimulator.ActiveCfg = Release|Any CPU
		{0E85E653-FAD2-4507-90B1-F90D75FB2D86}.Ad-Hoc|iPhoneSimulator.Build.0 = Release|Any CPU
		{0E85E653-FAD2-4507-90B1-F90D75FB2D86}.Ad-Hoc|iPhoneSimulator.Deploy.0 = Release|Any CPU
		{0E85E653-FAD2-4507-90B1-F90D75FB2D86}.Ad-Hoc|x64.ActiveCfg = Release|Any CPU
		{0E85E653-FAD2-4507-90B1-F90D75FB2D86}.Ad-Hoc|x64.Build.0 = Release|Any CPU
		{0E85E653-FAD2-4507-90B1-F90D75FB2D86}.Ad-Hoc|x64.Deploy.0 = Release|Any CPU
		{0E85E653-FAD2-4507-90B1-F90D75FB2D86}.Ad-Hoc|x86.ActiveCfg = Release|Any CPU
		{0E85E653-FAD2-4507-90B1-F90D75FB2D86}.Ad-Hoc|x86.Build.0 = Release|Any CPU
		{0E85E653-FAD2-4507-90B1-F90D75FB2D86}.Ad-Hoc|x86.Deploy.0 = Release|Any CPU
		{0E85E653-FAD2-4507-90B1-F90D75FB2D86}.AppStore|Any CPU.ActiveCfg = Release|Any CPU
		{0E85E653-FAD2-4507-90B1-F90D75FB2D86}.AppStore|Any CPU.Build.0 = Release|Any CPU
		{0E85E653-FAD2-4507-90B1-F90D75FB2D86}.AppStore|Any CPU.Deploy.0 = Release|Any CPU
		{0E85E653-FAD2-4507-90B1-F90D75FB2D86}.AppStore|ARM.ActiveCfg = Release|Any CPU
		{0E85E653-FAD2-4507-90B1-F90D75FB2D86}.AppStore|ARM.Build.0 = Release|Any CPU
		{0E85E653-FAD2-4507-90B1-F90D75FB2D86}.AppStore|ARM.Deploy.0 = Release|Any CPU
		{0E85E653-FAD2-4507-90B1-F90D75FB2D86}.AppStore|iPhone.ActiveCfg = Release|Any CPU
		{0E85E653-FAD2-4507-90B1-F90D75FB2D86}.AppStore|iPhone.Build.0 = Release|Any CPU
		{0E85E653-FAD2-4507-90B1-F90D75FB2D86}.AppStore|iPhone.Deploy.0 = Release|Any CPU
		{0E85E653-FAD2-4507-90B1-F90D75FB2D86}.AppStore|iPhoneSimulator.ActiveCfg = Release|Any CPU
		{0E85E653-FAD2-4507-90B1-F90D75FB2D86}.AppStore|iPhoneSimulator.Build.0 = Release|Any CPU
		{0E85E653-FAD2-4507-90B1-F90D75FB2D86}.AppStore|iPhoneSimulator.Deploy.0 = Release|Any CPU
		{0E85E653-FAD2-4507-90B1-F90D75FB2D86}.AppStore|x64.ActiveCfg = Release|Any CPU
		{0E85E653-FAD2-4507-90B1-F90D75FB2D86}.AppStore|x64.Build.0 = Release|Any CPU
		{0E85E653-FAD2-4507-90B1-F90D75FB2D86}.AppStore|x64.Deploy.0 = Release|Any CPU
		{0E85E653-FAD2-4507-90B1-F90D75FB2D86}.AppStore|x86.ActiveCfg = Release|Any CPU
		{0E85E653-FAD2-4507-90B1-F90D75FB2D86}.AppStore|x86.Build.0 = Release|Any CPU
		{0E85E653-FAD2-4507-90B1-F90D75FB2D86}.AppStore|x86.Deploy.0 = Release|Any CPU
		{0E85E653-FAD2-4507-90B1-F90D75FB2D86}.Debug|Any CPU.ActiveCfg = Debug|Any CPU
		{0E85E653-FAD2-4507-90B1-F90D75FB2D86}.Debug|Any CPU.Build.0 = Debug|Any CPU
		{0E85E653-FAD2-4507-90B1-F90D75FB2D86}.Debug|Any CPU.Deploy.0 = Debug|Any CPU
		{0E85E653-FAD2-4507-90B1-F90D75FB2D86}.Debug|ARM.ActiveCfg = Debug|Any CPU
		{0E85E653-FAD2-4507-90B1-F90D75FB2D86}.Debug|ARM.Build.0 = Debug|Any CPU
		{0E85E653-FAD2-4507-90B1-F90D75FB2D86}.Debug|ARM.Deploy.0 = Debug|Any CPU
		{0E85E653-FAD2-4507-90B1-F90D75FB2D86}.Debug|iPhone.ActiveCfg = Debug|Any CPU
		{0E85E653-FAD2-4507-90B1-F90D75FB2D86}.Debug|iPhone.Build.0 = Debug|Any CPU
		{0E85E653-FAD2-4507-90B1-F90D75FB2D86}.Debug|iPhone.Deploy.0 = Debug|Any CPU
		{0E85E653-FAD2-4507-90B1-F90D75FB2D86}.Debug|iPhoneSimulator.ActiveCfg = Debug|Any CPU
		{0E85E653-FAD2-4507-90B1-F90D75FB2D86}.Debug|iPhoneSimulator.Build.0 = Debug|Any CPU
		{0E85E653-FAD2-4507-90B1-F90D75FB2D86}.Debug|iPhoneSimulator.Deploy.0 = Debug|Any CPU
		{0E85E653-FAD2-4507-90B1-F90D75FB2D86}.Debug|x64.ActiveCfg = Debug|Any CPU
		{0E85E653-FAD2-4507-90B1-F90D75FB2D86}.Debug|x64.Build.0 = Debug|Any CPU
		{0E85E653-FAD2-4507-90B1-F90D75FB2D86}.Debug|x64.Deploy.0 = Debug|Any CPU
		{0E85E653-FAD2-4507-90B1-F90D75FB2D86}.Debug|x86.ActiveCfg = Debug|Any CPU
		{0E85E653-FAD2-4507-90B1-F90D75FB2D86}.Debug|x86.Build.0 = Debug|Any CPU
		{0E85E653-FAD2-4507-90B1-F90D75FB2D86}.Debug|x86.Deploy.0 = Debug|Any CPU
		{0E85E653-FAD2-4507-90B1-F90D75FB2D86}.Release|Any CPU.ActiveCfg = Release|Any CPU
		{0E85E653-FAD2-4507-90B1-F90D75FB2D86}.Release|Any CPU.Build.0 = Release|Any CPU
		{0E85E653-FAD2-4507-90B1-F90D75FB2D86}.Release|Any CPU.Deploy.0 = Release|Any CPU
		{0E85E653-FAD2-4507-90B1-F90D75FB2D86}.Release|ARM.ActiveCfg = Release|Any CPU
		{0E85E653-FAD2-4507-90B1-F90D75FB2D86}.Release|ARM.Build.0 = Release|Any CPU
		{0E85E653-FAD2-4507-90B1-F90D75FB2D86}.Release|ARM.Deploy.0 = Release|Any CPU
		{0E85E653-FAD2-4507-90B1-F90D75FB2D86}.Release|iPhone.ActiveCfg = Release|Any CPU
		{0E85E653-FAD2-4507-90B1-F90D75FB2D86}.Release|iPhone.Build.0 = Release|Any CPU
		{0E85E653-FAD2-4507-90B1-F90D75FB2D86}.Release|iPhone.Deploy.0 = Release|Any CPU
		{0E85E653-FAD2-4507-90B1-F90D75FB2D86}.Release|iPhoneSimulator.ActiveCfg = Release|Any CPU
		{0E85E653-FAD2-4507-90B1-F90D75FB2D86}.Release|iPhoneSimulator.Build.0 = Release|Any CPU
		{0E85E653-FAD2-4507-90B1-F90D75FB2D86}.Release|iPhoneSimulator.Deploy.0 = Release|Any CPU
		{0E85E653-FAD2-4507-90B1-F90D75FB2D86}.Release|x64.ActiveCfg = Release|Any CPU
		{0E85E653-FAD2-4507-90B1-F90D75FB2D86}.Release|x64.Build.0 = Release|Any CPU
		{0E85E653-FAD2-4507-90B1-F90D75FB2D86}.Release|x64.Deploy.0 = Release|Any CPU
		{0E85E653-FAD2-4507-90B1-F90D75FB2D86}.Release|x86.ActiveCfg = Release|Any CPU
		{0E85E653-FAD2-4507-90B1-F90D75FB2D86}.Release|x86.Build.0 = Release|Any CPU
		{0E85E653-FAD2-4507-90B1-F90D75FB2D86}.Release|x86.Deploy.0 = Release|Any CPU
		{E8171C10-5B2E-412B-B47D-E274FFD5AECA}.Ad-Hoc|Any CPU.ActiveCfg = Ad-Hoc|iPhone
		{E8171C10-5B2E-412B-B47D-E274FFD5AECA}.Ad-Hoc|Any CPU.Build.0 = Ad-Hoc|iPhone
		{E8171C10-5B2E-412B-B47D-E274FFD5AECA}.Ad-Hoc|Any CPU.Deploy.0 = Ad-Hoc|iPhone
		{E8171C10-5B2E-412B-B47D-E274FFD5AECA}.Ad-Hoc|ARM.ActiveCfg = Ad-Hoc|iPhone
		{E8171C10-5B2E-412B-B47D-E274FFD5AECA}.Ad-Hoc|ARM.Build.0 = Ad-Hoc|iPhone
		{E8171C10-5B2E-412B-B47D-E274FFD5AECA}.Ad-Hoc|ARM.Deploy.0 = Ad-Hoc|iPhone
		{E8171C10-5B2E-412B-B47D-E274FFD5AECA}.Ad-Hoc|iPhone.ActiveCfg = Ad-Hoc|iPhone
		{E8171C10-5B2E-412B-B47D-E274FFD5AECA}.Ad-Hoc|iPhone.Build.0 = Ad-Hoc|iPhone
		{E8171C10-5B2E-412B-B47D-E274FFD5AECA}.Ad-Hoc|iPhone.Deploy.0 = Ad-Hoc|iPhone
		{E8171C10-5B2E-412B-B47D-E274FFD5AECA}.Ad-Hoc|iPhoneSimulator.ActiveCfg = Ad-Hoc|iPhoneSimulator
		{E8171C10-5B2E-412B-B47D-E274FFD5AECA}.Ad-Hoc|iPhoneSimulator.Build.0 = Ad-Hoc|iPhoneSimulator
		{E8171C10-5B2E-412B-B47D-E274FFD5AECA}.Ad-Hoc|iPhoneSimulator.Deploy.0 = Ad-Hoc|iPhoneSimulator
		{E8171C10-5B2E-412B-B47D-E274FFD5AECA}.Ad-Hoc|x64.ActiveCfg = Ad-Hoc|iPhone
		{E8171C10-5B2E-412B-B47D-E274FFD5AECA}.Ad-Hoc|x64.Build.0 = Ad-Hoc|iPhone
		{E8171C10-5B2E-412B-B47D-E274FFD5AECA}.Ad-Hoc|x64.Deploy.0 = Ad-Hoc|iPhone
		{E8171C10-5B2E-412B-B47D-E274FFD5AECA}.Ad-Hoc|x86.ActiveCfg = Ad-Hoc|iPhone
		{E8171C10-5B2E-412B-B47D-E274FFD5AECA}.Ad-Hoc|x86.Build.0 = Ad-Hoc|iPhone
		{E8171C10-5B2E-412B-B47D-E274FFD5AECA}.Ad-Hoc|x86.Deploy.0 = Ad-Hoc|iPhone
		{E8171C10-5B2E-412B-B47D-E274FFD5AECA}.AppStore|Any CPU.ActiveCfg = AppStore|iPhone
		{E8171C10-5B2E-412B-B47D-E274FFD5AECA}.AppStore|Any CPU.Build.0 = AppStore|iPhone
		{E8171C10-5B2E-412B-B47D-E274FFD5AECA}.AppStore|Any CPU.Deploy.0 = AppStore|iPhone
		{E8171C10-5B2E-412B-B47D-E274FFD5AECA}.AppStore|ARM.ActiveCfg = AppStore|iPhone
		{E8171C10-5B2E-412B-B47D-E274FFD5AECA}.AppStore|ARM.Build.0 = AppStore|iPhone
		{E8171C10-5B2E-412B-B47D-E274FFD5AECA}.AppStore|ARM.Deploy.0 = AppStore|iPhone
		{E8171C10-5B2E-412B-B47D-E274FFD5AECA}.AppStore|iPhone.ActiveCfg = AppStore|iPhone
		{E8171C10-5B2E-412B-B47D-E274FFD5AECA}.AppStore|iPhone.Build.0 = AppStore|iPhone
		{E8171C10-5B2E-412B-B47D-E274FFD5AECA}.AppStore|iPhone.Deploy.0 = AppStore|iPhone
		{E8171C10-5B2E-412B-B47D-E274FFD5AECA}.AppStore|iPhoneSimulator.ActiveCfg = AppStore|iPhoneSimulator
		{E8171C10-5B2E-412B-B47D-E274FFD5AECA}.AppStore|iPhoneSimulator.Build.0 = AppStore|iPhoneSimulator
		{E8171C10-5B2E-412B-B47D-E274FFD5AECA}.AppStore|iPhoneSimulator.Deploy.0 = AppStore|iPhoneSimulator
		{E8171C10-5B2E-412B-B47D-E274FFD5AECA}.AppStore|x64.ActiveCfg = AppStore|iPhone
		{E8171C10-5B2E-412B-B47D-E274FFD5AECA}.AppStore|x64.Build.0 = AppStore|iPhone
		{E8171C10-5B2E-412B-B47D-E274FFD5AECA}.AppStore|x64.Deploy.0 = AppStore|iPhone
		{E8171C10-5B2E-412B-B47D-E274FFD5AECA}.AppStore|x86.ActiveCfg = AppStore|iPhone
		{E8171C10-5B2E-412B-B47D-E274FFD5AECA}.AppStore|x86.Build.0 = AppStore|iPhone
		{E8171C10-5B2E-412B-B47D-E274FFD5AECA}.AppStore|x86.Deploy.0 = AppStore|iPhone
		{E8171C10-5B2E-412B-B47D-E274FFD5AECA}.Debug|Any CPU.ActiveCfg = Debug|iPhoneSimulator
		{E8171C10-5B2E-412B-B47D-E274FFD5AECA}.Debug|Any CPU.Build.0 = Debug|iPhoneSimulator
		{E8171C10-5B2E-412B-B47D-E274FFD5AECA}.Debug|Any CPU.Deploy.0 = Debug|iPhoneSimulator
		{E8171C10-5B2E-412B-B47D-E274FFD5AECA}.Debug|ARM.ActiveCfg = Debug|iPhone
		{E8171C10-5B2E-412B-B47D-E274FFD5AECA}.Debug|ARM.Build.0 = Debug|iPhone
		{E8171C10-5B2E-412B-B47D-E274FFD5AECA}.Debug|ARM.Deploy.0 = Debug|iPhone
		{E8171C10-5B2E-412B-B47D-E274FFD5AECA}.Debug|iPhone.ActiveCfg = Debug|iPhone
		{E8171C10-5B2E-412B-B47D-E274FFD5AECA}.Debug|iPhone.Build.0 = Debug|iPhone
		{E8171C10-5B2E-412B-B47D-E274FFD5AECA}.Debug|iPhone.Deploy.0 = Debug|iPhone
		{E8171C10-5B2E-412B-B47D-E274FFD5AECA}.Debug|iPhoneSimulator.ActiveCfg = Debug|iPhoneSimulator
		{E8171C10-5B2E-412B-B47D-E274FFD5AECA}.Debug|iPhoneSimulator.Build.0 = Debug|iPhoneSimulator
		{E8171C10-5B2E-412B-B47D-E274FFD5AECA}.Debug|iPhoneSimulator.Deploy.0 = Debug|iPhoneSimulator
		{E8171C10-5B2E-412B-B47D-E274FFD5AECA}.Debug|x64.ActiveCfg = Debug|iPhone
		{E8171C10-5B2E-412B-B47D-E274FFD5AECA}.Debug|x64.Build.0 = Debug|iPhone
		{E8171C10-5B2E-412B-B47D-E274FFD5AECA}.Debug|x64.Deploy.0 = Debug|iPhone
		{E8171C10-5B2E-412B-B47D-E274FFD5AECA}.Debug|x86.ActiveCfg = Debug|iPhone
		{E8171C10-5B2E-412B-B47D-E274FFD5AECA}.Debug|x86.Build.0 = Debug|iPhone
		{E8171C10-5B2E-412B-B47D-E274FFD5AECA}.Debug|x86.Deploy.0 = Debug|iPhone
		{E8171C10-5B2E-412B-B47D-E274FFD5AECA}.Release|Any CPU.ActiveCfg = Release|iPhone
		{E8171C10-5B2E-412B-B47D-E274FFD5AECA}.Release|Any CPU.Build.0 = Release|iPhone
		{E8171C10-5B2E-412B-B47D-E274FFD5AECA}.Release|Any CPU.Deploy.0 = Release|iPhone
		{E8171C10-5B2E-412B-B47D-E274FFD5AECA}.Release|ARM.ActiveCfg = Release|iPhone
		{E8171C10-5B2E-412B-B47D-E274FFD5AECA}.Release|ARM.Build.0 = Release|iPhone
		{E8171C10-5B2E-412B-B47D-E274FFD5AECA}.Release|ARM.Deploy.0 = Release|iPhone
		{E8171C10-5B2E-412B-B47D-E274FFD5AECA}.Release|iPhone.ActiveCfg = Release|iPhone
		{E8171C10-5B2E-412B-B47D-E274FFD5AECA}.Release|iPhone.Build.0 = Release|iPhone
		{E8171C10-5B2E-412B-B47D-E274FFD5AECA}.Release|iPhone.Deploy.0 = Release|iPhone
		{E8171C10-5B2E-412B-B47D-E274FFD5AECA}.Release|iPhoneSimulator.ActiveCfg = Release|iPhoneSimulator
		{E8171C10-5B2E-412B-B47D-E274FFD5AECA}.Release|iPhoneSimulator.Build.0 = Release|iPhoneSimulator
		{E8171C10-5B2E-412B-B47D-E274FFD5AECA}.Release|iPhoneSimulator.Deploy.0 = Release|iPhoneSimulator
		{E8171C10-5B2E-412B-B47D-E274FFD5AECA}.Release|x64.ActiveCfg = Release|iPhone
		{E8171C10-5B2E-412B-B47D-E274FFD5AECA}.Release|x64.Build.0 = Release|iPhone
		{E8171C10-5B2E-412B-B47D-E274FFD5AECA}.Release|x64.Deploy.0 = Release|iPhone
		{E8171C10-5B2E-412B-B47D-E274FFD5AECA}.Release|x86.ActiveCfg = Release|iPhone
		{E8171C10-5B2E-412B-B47D-E274FFD5AECA}.Release|x86.Build.0 = Release|iPhone
		{E8171C10-5B2E-412B-B47D-E274FFD5AECA}.Release|x86.Deploy.0 = Release|iPhone
		{AABA3C30-02E1-406F-A440-6407E71040AB}.Ad-Hoc|Any CPU.ActiveCfg = Release|x86
		{AABA3C30-02E1-406F-A440-6407E71040AB}.Ad-Hoc|Any CPU.Build.0 = Release|x86
		{AABA3C30-02E1-406F-A440-6407E71040AB}.Ad-Hoc|Any CPU.Deploy.0 = Release|x86
		{AABA3C30-02E1-406F-A440-6407E71040AB}.Ad-Hoc|ARM.ActiveCfg = Release|ARM
		{AABA3C30-02E1-406F-A440-6407E71040AB}.Ad-Hoc|ARM.Build.0 = Release|ARM
		{AABA3C30-02E1-406F-A440-6407E71040AB}.Ad-Hoc|ARM.Deploy.0 = Release|ARM
		{AABA3C30-02E1-406F-A440-6407E71040AB}.Ad-Hoc|iPhone.ActiveCfg = Release|x86
		{AABA3C30-02E1-406F-A440-6407E71040AB}.Ad-Hoc|iPhone.Build.0 = Release|x86
		{AABA3C30-02E1-406F-A440-6407E71040AB}.Ad-Hoc|iPhone.Deploy.0 = Release|x86
		{AABA3C30-02E1-406F-A440-6407E71040AB}.Ad-Hoc|iPhoneSimulator.ActiveCfg = Release|x86
		{AABA3C30-02E1-406F-A440-6407E71040AB}.Ad-Hoc|iPhoneSimulator.Build.0 = Release|x86
		{AABA3C30-02E1-406F-A440-6407E71040AB}.Ad-Hoc|iPhoneSimulator.Deploy.0 = Release|x86
		{AABA3C30-02E1-406F-A440-6407E71040AB}.Ad-Hoc|x64.ActiveCfg = Release|x64
		{AABA3C30-02E1-406F-A440-6407E71040AB}.Ad-Hoc|x64.Build.0 = Release|x64
		{AABA3C30-02E1-406F-A440-6407E71040AB}.Ad-Hoc|x64.Deploy.0 = Release|x64
		{AABA3C30-02E1-406F-A440-6407E71040AB}.Ad-Hoc|x86.ActiveCfg = Release|x86
		{AABA3C30-02E1-406F-A440-6407E71040AB}.Ad-Hoc|x86.Build.0 = Release|x86
		{AABA3C30-02E1-406F-A440-6407E71040AB}.Ad-Hoc|x86.Deploy.0 = Release|x86
		{AABA3C30-02E1-406F-A440-6407E71040AB}.AppStore|Any CPU.ActiveCfg = Release|x86
		{AABA3C30-02E1-406F-A440-6407E71040AB}.AppStore|Any CPU.Build.0 = Release|x86
		{AABA3C30-02E1-406F-A440-6407E71040AB}.AppStore|Any CPU.Deploy.0 = Release|x86
		{AABA3C30-02E1-406F-A440-6407E71040AB}.AppStore|ARM.ActiveCfg = Release|ARM
		{AABA3C30-02E1-406F-A440-6407E71040AB}.AppStore|ARM.Build.0 = Release|ARM
		{AABA3C30-02E1-406F-A440-6407E71040AB}.AppStore|ARM.Deploy.0 = Release|ARM
		{AABA3C30-02E1-406F-A440-6407E71040AB}.AppStore|iPhone.ActiveCfg = Release|x86
		{AABA3C30-02E1-406F-A440-6407E71040AB}.AppStore|iPhone.Build.0 = Release|x86
		{AABA3C30-02E1-406F-A440-6407E71040AB}.AppStore|iPhone.Deploy.0 = Release|x86
		{AABA3C30-02E1-406F-A440-6407E71040AB}.AppStore|iPhoneSimulator.ActiveCfg = Release|x86
		{AABA3C30-02E1-406F-A440-6407E71040AB}.AppStore|iPhoneSimulator.Build.0 = Release|x86
		{AABA3C30-02E1-406F-A440-6407E71040AB}.AppStore|iPhoneSimulator.Deploy.0 = Release|x86
		{AABA3C30-02E1-406F-A440-6407E71040AB}.AppStore|x64.ActiveCfg = Release|x64
		{AABA3C30-02E1-406F-A440-6407E71040AB}.AppStore|x64.Build.0 = Release|x64
		{AABA3C30-02E1-406F-A440-6407E71040AB}.AppStore|x64.Deploy.0 = Release|x64
		{AABA3C30-02E1-406F-A440-6407E71040AB}.AppStore|x86.ActiveCfg = Release|x86
		{AABA3C30-02E1-406F-A440-6407E71040AB}.AppStore|x86.Build.0 = Release|x86
		{AABA3C30-02E1-406F-A440-6407E71040AB}.AppStore|x86.Deploy.0 = Release|x86
		{AABA3C30-02E1-406F-A440-6407E71040AB}.Debug|Any CPU.ActiveCfg = Debug|x86
		{AABA3C30-02E1-406F-A440-6407E71040AB}.Debug|Any CPU.Build.0 = Debug|x86
		{AABA3C30-02E1-406F-A440-6407E71040AB}.Debug|Any CPU.Deploy.0 = Debug|x86
		{AABA3C30-02E1-406F-A440-6407E71040AB}.Debug|ARM.ActiveCfg = Debug|ARM
		{AABA3C30-02E1-406F-A440-6407E71040AB}.Debug|ARM.Build.0 = Debug|ARM
		{AABA3C30-02E1-406F-A440-6407E71040AB}.Debug|ARM.Deploy.0 = Debug|ARM
		{AABA3C30-02E1-406F-A440-6407E71040AB}.Debug|iPhone.ActiveCfg = Debug|x86
		{AABA3C30-02E1-406F-A440-6407E71040AB}.Debug|iPhone.Build.0 = Debug|x86
		{AABA3C30-02E1-406F-A440-6407E71040AB}.Debug|iPhone.Deploy.0 = Debug|x86
		{AABA3C30-02E1-406F-A440-6407E71040AB}.Debug|iPhoneSimulator.ActiveCfg = Debug|x86
		{AABA3C30-02E1-406F-A440-6407E71040AB}.Debug|iPhoneSimulator.Build.0 = Debug|x86
		{AABA3C30-02E1-406F-A440-6407E71040AB}.Debug|iPhoneSimulator.Deploy.0 = Debug|x86
		{AABA3C30-02E1-406F-A440-6407E71040AB}.Debug|x64.ActiveCfg = Debug|x64
		{AABA3C30-02E1-406F-A440-6407E71040AB}.Debug|x64.Build.0 = Debug|x64
		{AABA3C30-02E1-406F-A440-6407E71040AB}.Debug|x64.Deploy.0 = Debug|x64
		{AABA3C30-02E1-406F-A440-6407E71040AB}.Debug|x86.ActiveCfg = Debug|x86
		{AABA3C30-02E1-406F-A440-6407E71040AB}.Debug|x86.Build.0 = Debug|x86
		{AABA3C30-02E1-406F-A440-6407E71040AB}.Debug|x86.Deploy.0 = Debug|x86
		{AABA3C30-02E1-406F-A440-6407E71040AB}.Release|Any CPU.ActiveCfg = Release|x86
		{AABA3C30-02E1-406F-A440-6407E71040AB}.Release|Any CPU.Build.0 = Release|x86
		{AABA3C30-02E1-406F-A440-6407E71040AB}.Release|Any CPU.Deploy.0 = Release|x86
		{AABA3C30-02E1-406F-A440-6407E71040AB}.Release|ARM.ActiveCfg = Release|ARM
		{AABA3C30-02E1-406F-A440-6407E71040AB}.Release|ARM.Build.0 = Release|ARM
		{AABA3C30-02E1-406F-A440-6407E71040AB}.Release|ARM.Deploy.0 = Release|ARM
		{AABA3C30-02E1-406F-A440-6407E71040AB}.Release|iPhone.ActiveCfg = Release|x86
		{AABA3C30-02E1-406F-A440-6407E71040AB}.Release|iPhone.Build.0 = Release|x86
		{AABA3C30-02E1-406F-A440-6407E71040AB}.Release|iPhone.Deploy.0 = Release|x86
		{AABA3C30-02E1-406F-A440-6407E71040AB}.Release|iPhoneSimulator.ActiveCfg = Release|x86
		{AABA3C30-02E1-406F-A440-6407E71040AB}.Release|iPhoneSimulator.Build.0 = Release|x86
		{AABA3C30-02E1-406F-A440-6407E71040AB}.Release|iPhoneSimulator.Deploy.0 = Release|x86
		{AABA3C30-02E1-406F-A440-6407E71040AB}.Release|x64.ActiveCfg = Release|x64
		{AABA3C30-02E1-406F-A440-6407E71040AB}.Release|x64.Build.0 = Release|x64
		{AABA3C30-02E1-406F-A440-6407E71040AB}.Release|x64.Deploy.0 = Release|x64
		{AABA3C30-02E1-406F-A440-6407E71040AB}.Release|x86.ActiveCfg = Release|x86
		{AABA3C30-02E1-406F-A440-6407E71040AB}.Release|x86.Build.0 = Release|x86
		{AABA3C30-02E1-406F-A440-6407E71040AB}.Release|x86.Deploy.0 = Release|x86
		{8FEE1BED-4D7D-407B-A54B-4369AA65BA64}.Ad-Hoc|Any CPU.ActiveCfg = Debug|Any CPU
		{8FEE1BED-4D7D-407B-A54B-4369AA65BA64}.Ad-Hoc|Any CPU.Build.0 = Debug|Any CPU
		{8FEE1BED-4D7D-407B-A54B-4369AA65BA64}.Ad-Hoc|Any CPU.Deploy.0 = Debug|Any CPU
		{8FEE1BED-4D7D-407B-A54B-4369AA65BA64}.Ad-Hoc|ARM.ActiveCfg = Debug|Any CPU
		{8FEE1BED-4D7D-407B-A54B-4369AA65BA64}.Ad-Hoc|ARM.Build.0 = Debug|Any CPU
		{8FEE1BED-4D7D-407B-A54B-4369AA65BA64}.Ad-Hoc|ARM.Deploy.0 = Debug|Any CPU
		{8FEE1BED-4D7D-407B-A54B-4369AA65BA64}.Ad-Hoc|iPhone.ActiveCfg = Debug|Any CPU
		{8FEE1BED-4D7D-407B-A54B-4369AA65BA64}.Ad-Hoc|iPhone.Build.0 = Debug|Any CPU
		{8FEE1BED-4D7D-407B-A54B-4369AA65BA64}.Ad-Hoc|iPhone.Deploy.0 = Debug|Any CPU
		{8FEE1BED-4D7D-407B-A54B-4369AA65BA64}.Ad-Hoc|iPhoneSimulator.ActiveCfg = Debug|Any CPU
		{8FEE1BED-4D7D-407B-A54B-4369AA65BA64}.Ad-Hoc|iPhoneSimulator.Build.0 = Debug|Any CPU
		{8FEE1BED-4D7D-407B-A54B-4369AA65BA64}.Ad-Hoc|iPhoneSimulator.Deploy.0 = Debug|Any CPU
		{8FEE1BED-4D7D-407B-A54B-4369AA65BA64}.Ad-Hoc|x64.ActiveCfg = Debug|Any CPU
		{8FEE1BED-4D7D-407B-A54B-4369AA65BA64}.Ad-Hoc|x64.Build.0 = Debug|Any CPU
		{8FEE1BED-4D7D-407B-A54B-4369AA65BA64}.Ad-Hoc|x64.Deploy.0 = Debug|Any CPU
		{8FEE1BED-4D7D-407B-A54B-4369AA65BA64}.Ad-Hoc|x86.ActiveCfg = Debug|Any CPU
		{8FEE1BED-4D7D-407B-A54B-4369AA65BA64}.Ad-Hoc|x86.Build.0 = Debug|Any CPU
		{8FEE1BED-4D7D-407B-A54B-4369AA65BA64}.Ad-Hoc|x86.Deploy.0 = Debug|Any CPU
		{8FEE1BED-4D7D-407B-A54B-4369AA65BA64}.AppStore|Any CPU.ActiveCfg = Debug|Any CPU
		{8FEE1BED-4D7D-407B-A54B-4369AA65BA64}.AppStore|Any CPU.Build.0 = Debug|Any CPU
		{8FEE1BED-4D7D-407B-A54B-4369AA65BA64}.AppStore|Any CPU.Deploy.0 = Debug|Any CPU
		{8FEE1BED-4D7D-407B-A54B-4369AA65BA64}.AppStore|ARM.ActiveCfg = Debug|Any CPU
		{8FEE1BED-4D7D-407B-A54B-4369AA65BA64}.AppStore|ARM.Build.0 = Debug|Any CPU
		{8FEE1BED-4D7D-407B-A54B-4369AA65BA64}.AppStore|ARM.Deploy.0 = Debug|Any CPU
		{8FEE1BED-4D7D-407B-A54B-4369AA65BA64}.AppStore|iPhone.ActiveCfg = Debug|Any CPU
		{8FEE1BED-4D7D-407B-A54B-4369AA65BA64}.AppStore|iPhone.Build.0 = Debug|Any CPU
		{8FEE1BED-4D7D-407B-A54B-4369AA65BA64}.AppStore|iPhone.Deploy.0 = Debug|Any CPU
		{8FEE1BED-4D7D-407B-A54B-4369AA65BA64}.AppStore|iPhoneSimulator.ActiveCfg = Debug|Any CPU
		{8FEE1BED-4D7D-407B-A54B-4369AA65BA64}.AppStore|iPhoneSimulator.Build.0 = Debug|Any CPU
		{8FEE1BED-4D7D-407B-A54B-4369AA65BA64}.AppStore|iPhoneSimulator.Deploy.0 = Debug|Any CPU
		{8FEE1BED-4D7D-407B-A54B-4369AA65BA64}.AppStore|x64.ActiveCfg = Debug|Any CPU
		{8FEE1BED-4D7D-407B-A54B-4369AA65BA64}.AppStore|x64.Build.0 = Debug|Any CPU
		{8FEE1BED-4D7D-407B-A54B-4369AA65BA64}.AppStore|x64.Deploy.0 = Debug|Any CPU
		{8FEE1BED-4D7D-407B-A54B-4369AA65BA64}.AppStore|x86.ActiveCfg = Debug|Any CPU
		{8FEE1BED-4D7D-407B-A54B-4369AA65BA64}.AppStore|x86.Build.0 = Debug|Any CPU
		{8FEE1BED-4D7D-407B-A54B-4369AA65BA64}.AppStore|x86.Deploy.0 = Debug|Any CPU
		{8FEE1BED-4D7D-407B-A54B-4369AA65BA64}.Debug|Any CPU.ActiveCfg = Debug|Any CPU
		{8FEE1BED-4D7D-407B-A54B-4369AA65BA64}.Debug|Any CPU.Build.0 = Debug|Any CPU
		{8FEE1BED-4D7D-407B-A54B-4369AA65BA64}.Debug|Any CPU.Deploy.0 = Debug|Any CPU
		{8FEE1BED-4D7D-407B-A54B-4369AA65BA64}.Debug|ARM.ActiveCfg = Debug|Any CPU
		{8FEE1BED-4D7D-407B-A54B-4369AA65BA64}.Debug|ARM.Build.0 = Debug|Any CPU
		{8FEE1BED-4D7D-407B-A54B-4369AA65BA64}.Debug|ARM.Deploy.0 = Debug|Any CPU
		{8FEE1BED-4D7D-407B-A54B-4369AA65BA64}.Debug|iPhone.ActiveCfg = Debug|Any CPU
		{8FEE1BED-4D7D-407B-A54B-4369AA65BA64}.Debug|iPhone.Build.0 = Debug|Any CPU
		{8FEE1BED-4D7D-407B-A54B-4369AA65BA64}.Debug|iPhone.Deploy.0 = Debug|Any CPU
		{8FEE1BED-4D7D-407B-A54B-4369AA65BA64}.Debug|iPhoneSimulator.ActiveCfg = Debug|Any CPU
		{8FEE1BED-4D7D-407B-A54B-4369AA65BA64}.Debug|iPhoneSimulator.Build.0 = Debug|Any CPU
		{8FEE1BED-4D7D-407B-A54B-4369AA65BA64}.Debug|iPhoneSimulator.Deploy.0 = Debug|Any CPU
		{8FEE1BED-4D7D-407B-A54B-4369AA65BA64}.Debug|x64.ActiveCfg = Debug|Any CPU
		{8FEE1BED-4D7D-407B-A54B-4369AA65BA64}.Debug|x64.Build.0 = Debug|Any CPU
		{8FEE1BED-4D7D-407B-A54B-4369AA65BA64}.Debug|x64.Deploy.0 = Debug|Any CPU
		{8FEE1BED-4D7D-407B-A54B-4369AA65BA64}.Debug|x86.ActiveCfg = Debug|Any CPU
		{8FEE1BED-4D7D-407B-A54B-4369AA65BA64}.Debug|x86.Build.0 = Debug|Any CPU
		{8FEE1BED-4D7D-407B-A54B-4369AA65BA64}.Debug|x86.Deploy.0 = Debug|Any CPU
		{8FEE1BED-4D7D-407B-A54B-4369AA65BA64}.Release|Any CPU.ActiveCfg = Release|Any CPU
		{8FEE1BED-4D7D-407B-A54B-4369AA65BA64}.Release|Any CPU.Build.0 = Release|Any CPU
		{8FEE1BED-4D7D-407B-A54B-4369AA65BA64}.Release|Any CPU.Deploy.0 = Release|Any CPU
		{8FEE1BED-4D7D-407B-A54B-4369AA65BA64}.Release|ARM.ActiveCfg = Release|Any CPU
		{8FEE1BED-4D7D-407B-A54B-4369AA65BA64}.Release|ARM.Build.0 = Release|Any CPU
		{8FEE1BED-4D7D-407B-A54B-4369AA65BA64}.Release|ARM.Deploy.0 = Release|Any CPU
		{8FEE1BED-4D7D-407B-A54B-4369AA65BA64}.Release|iPhone.ActiveCfg = Release|Any CPU
		{8FEE1BED-4D7D-407B-A54B-4369AA65BA64}.Release|iPhone.Build.0 = Release|Any CPU
		{8FEE1BED-4D7D-407B-A54B-4369AA65BA64}.Release|iPhone.Deploy.0 = Release|Any CPU
		{8FEE1BED-4D7D-407B-A54B-4369AA65BA64}.Release|iPhoneSimulator.ActiveCfg = Release|Any CPU
		{8FEE1BED-4D7D-407B-A54B-4369AA65BA64}.Release|iPhoneSimulator.Build.0 = Release|Any CPU
		{8FEE1BED-4D7D-407B-A54B-4369AA65BA64}.Release|iPhoneSimulator.Deploy.0 = Release|Any CPU
		{8FEE1BED-4D7D-407B-A54B-4369AA65BA64}.Release|x64.ActiveCfg = Release|Any CPU
		{8FEE1BED-4D7D-407B-A54B-4369AA65BA64}.Release|x64.Build.0 = Release|Any CPU
		{8FEE1BED-4D7D-407B-A54B-4369AA65BA64}.Release|x64.Deploy.0 = Release|Any CPU
		{8FEE1BED-4D7D-407B-A54B-4369AA65BA64}.Release|x86.ActiveCfg = Release|Any CPU
		{8FEE1BED-4D7D-407B-A54B-4369AA65BA64}.Release|x86.Build.0 = Release|Any CPU
		{8FEE1BED-4D7D-407B-A54B-4369AA65BA64}.Release|x86.Deploy.0 = Release|Any CPU
	EndGlobalSection
	GlobalSection(SolutionProperties) = preSolution
		HideSolutionNode = FALSE
	EndGlobalSection
	GlobalSection(ExtensibilityGlobals) = postSolution
		SolutionGuid = {1EBBF44C-BAF0-4C22-B0C0-3D943638F50D}
	EndGlobalSection
EndGlobal
